
Microsoft Visual Studio Solution File, Format Version 12.00
Project("{FAE04EC0-301F-11D3-BF4B-00C04F79EFBC}") = "02UnderstandingTypes", "02UnderstandingTypes\02UnderstandingTypes.csproj", "{A53B091E-55FF-4C49-90BC-BF51A829A6A0}"
EndProject
Project("{FAE04EC0-301F-11D3-BF4B-00C04F79EFBC}") = "CenturiesConversion", "CenturiesConversion\CenturiesConversion.csproj", "{99EE5D8F-8AA8-4FCE-8863-C8FADAD80295}"
EndProject
Project("{FAE04EC0-301F-11D3-BF4B-00C04F79EFBC}") = "FizzBuzz", "FizzBuzz\FizzBuzz.csproj", "{5CDD0CD5-8E49-449F-877C-C8C78EE8BB98}"
EndProject
Project("{FAE04EC0-301F-11D3-BF4B-00C04F79EFBC}") = "GuessNumber", "GuessNumber\GuessNumber.csproj", "{8DB63338-524A-4F28-B11A-DFB023FDDDC1}"
EndProject
Global
	GlobalSection(SolutionConfigurationPlatforms) = preSolution
		Debug|Any CPU = Debug|Any CPU
		Release|Any CPU = Release|Any CPU
	EndGlobalSection
	GlobalSection(ProjectConfigurationPlatforms) = postSolution
		{A53B091E-55FF-4C49-90BC-BF51A829A6A0}.Debug|Any CPU.ActiveCfg = Debug|Any CPU
		{A53B091E-55FF-4C49-90BC-BF51A829A6A0}.Debug|Any CPU.Build.0 = Debug|Any CPU
		{A53B091E-55FF-4C49-90BC-BF51A829A6A0}.Release|Any CPU.ActiveCfg = Release|Any CPU
		{A53B091E-55FF-4C49-90BC-BF51A829A6A0}.Release|Any CPU.Build.0 = Release|Any CPU
		{99EE5D8F-8AA8-4FCE-8863-C8FADAD80295}.Debug|Any CPU.ActiveCfg = Debug|Any CPU
		{99EE5D8F-8AA8-4FCE-8863-C8FADAD80295}.Debug|Any CPU.Build.0 = Debug|Any CPU
		{99EE5D8F-8AA8-4FCE-8863-C8FADAD80295}.Release|Any CPU.ActiveCfg = Release|Any CPU
		{99EE5D8F-8AA8-4FCE-8863-C8FADAD80295}.Release|Any CPU.Build.0 = Release|Any CPU
		{5CDD0CD5-8E49-449F-877C-C8C78EE8BB98}.Debug|Any CPU.ActiveCfg = Debug|Any CPU
		{5CDD0CD5-8E49-449F-877C-C8C78EE8BB98}.Debug|Any CPU.Build.0 = Debug|Any CPU
		{5CDD0CD5-8E49-449F-877C-C8C78EE8BB98}.Release|Any CPU.ActiveCfg = Release|Any CPU
		{5CDD0CD5-8E49-449F-877C-C8C78EE8BB98}.Release|Any CPU.Build.0 = Release|Any CPU
		{8DB63338-524A-4F28-B11A-DFB023FDDDC1}.Debug|Any CPU.ActiveCfg = Debug|Any CPU
		{8DB63338-524A-4F28-B11A-DFB023FDDDC1}.Debug|Any CPU.Build.0 = Debug|Any CPU
		{8DB63338-524A-4F28-B11A-DFB023FDDDC1}.Release|Any CPU.ActiveCfg = Release|Any CPU
		{8DB63338-524A-4F28-B11A-DFB023FDDDC1}.Release|Any CPU.Build.0 = Release|Any CPU
	EndGlobalSection
EndGlobal
